// !$*UTF8*$!
{
	archiveVersion = 1;
	classes = {
	};
	objectVersion = 50;
	objects = {

/* Begin PBXBuildFile section */
		14128871244A9DC500E37730 /* test1.c in Sources */ = {isa = PBXBuildFile; fileRef = 14128870244A9DC500E37730 /* test1.c */; };
		14A8B1DC240189F8005F1D15 /* main.c in Sources */ = {isa = PBXBuildFile; fileRef = 14A8B1DB240189F8005F1D15 /* main.c */; };
		14F142D3240F981200CE8299 /* lian.c in Sources */ = {isa = PBXBuildFile; fileRef = 14F142D2240F981200CE8299 /* lian.c */; };
		14F142D62410106200CE8299 /* zhan.c in Sources */ = {isa = PBXBuildFile; fileRef = 14F142D52410106200CE8299 /* zhan.c */; };
		14F142D92410D3CA00CE8299 /* duilie.c in Sources */ = {isa = PBXBuildFile; fileRef = 14F142D82410D3CA00CE8299 /* duilie.c */; };
		14F142DC2412218000CE8299 /* erchashu.c in Sources */ = {isa = PBXBuildFile; fileRef = 14F142DB2412218000CE8299 /* erchashu.c */; };
		14F142DF2412A8D900CE8299 /* pxu.c in Sources */ = {isa = PBXBuildFile; fileRef = 14F142DE2412A8D900CE8299 /* pxu.c */; };
/* End PBXBuildFile section */

/* Begin PBXCopyFilesBuildPhase section */
		14A8B1D6240189F8005F1D15 /* CopyFiles */ = {
			isa = PBXCopyFilesBuildPhase;
			buildActionMask = 2147483647;
			dstPath = /usr/share/man/man1/;
			dstSubfolderSpec = 0;
			files = (
			);
			runOnlyForDeploymentPostprocessing = 1;
		};
/* End PBXCopyFilesBuildPhase section */

/* Begin PBXFileReference section */
		1412886F244A9DC500E37730 /* test1.h */ = {isa = PBXFileReference; lastKnownFileType = sourcecode.c.h; path = test1.h; sourceTree = "<group>"; };
		14128870244A9DC500E37730 /* test1.c */ = {isa = PBXFileReference; lastKnownFileType = sourcecode.c.c; path = test1.c; sourceTree = "<group>"; };
		14A8B1D8240189F8005F1D15 /* C11 */ = {isa = PBXFileReference; explicitFileType = "compiled.mach-o.executable"; includeInIndex = 0; path = C11; sourceTree = BUILT_PRODUCTS_DIR; };
		14A8B1DB240189F8005F1D15 /* main.c */ = {isa = PBXFileReference; lastKnownFileType = sourcecode.c.c; path = main.c; sourceTree = "<group>"; };
		14F142D1240F981200CE8299 /* lian.h */ = {isa = PBXFileReference; lastKnownFileType = sourcecode.c.h; path = lian.h; sourceTree = "<group>"; };
		14F142D2240F981200CE8299 /* lian.c */ = {isa = PBXFileReference; lastKnownFileType = sourcecode.c.c; path = lian.c; sourceTree = "<group>"; };
		14F142D42410106200CE8299 /* zhan.h */ = {isa = PBXFileReference; lastKnownFileType = sourcecode.c.h; path = zhan.h; sourceTree = "<group>"; };
		14F142D52410106200CE8299 /* zhan.c */ = {isa = PBXFileReference; lastKnownFileType = sourcecode.c.c; path = zhan.c; sourceTree = "<group>"; };
		14F142D72410D3CA00CE8299 /* duilie.h */ = {isa = PBXFileReference; lastKnownFileType = sourcecode.c.h; path = duilie.h; sourceTree = "<group>"; };
		14F142D82410D3CA00CE8299 /* duilie.c */ = {isa = PBXFileReference; lastKnownFileType = sourcecode.c.c; path = duilie.c; sourceTree = "<group>"; };
		14F142DA2412218000CE8299 /* erchashu.h */ = {isa = PBXFileReference; lastKnownFileType = sourcecode.c.h; path = erchashu.h; sourceTree = "<group>"; };
		14F142DB2412218000CE8299 /* erchashu.c */ = {isa = PBXFileReference; lastKnownFileType = sourcecode.c.c; path = erchashu.c; sourceTree = "<group>"; };
		14F142DD2412A8D900CE8299 /* pxu.h */ = {isa = PBXFileReference; lastKnownFileType = sourcecode.c.h; path = pxu.h; sourceTree = "<group>"; };
		14F142DE2412A8D900CE8299 /* pxu.c */ = {isa = PBXFileReference; lastKnownFileType = sourcecode.c.c; path = pxu.c; sourceTree = "<group>"; };
/* End PBXFileReference section */

/* Begin PBXFrameworksBuildPhase section */
		14A8B1D5240189F8005F1D15 /* Frameworks */ = {
			isa = PBXFrameworksBuildPhase;
			buildActionMask = 2147483647;
			files = (
			);
			runOnlyForDeploymentPostprocessing = 0;
		};
/* End PBXFrameworksBuildPhase section */

/* Begin PBXGroup section */
		14A8B1CF240189F8005F1D15 = {
			isa = PBXGroup;
			children = (
				14A8B1DA240189F8005F1D15 /* C11 */,
				14A8B1D9240189F8005F1D15 /* Products */,
			);
			sourceTree = "<group>";
		};
		14A8B1D9240189F8005F1D15 /* Products */ = {
			isa = PBXGroup;
			children = (
				14A8B1D8240189F8005F1D15 /* C11 */,
			);
			name = Products;
			sourceTree = "<group>";
		};
		14A8B1DA240189F8005F1D15 /* C11 */ = {
			isa = PBXGroup;
			children = (
				14A8B1DB240189F8005F1D15 /* main.c */,
				14F142D42410106200CE8299 /* zhan.h */,
				14F142D52410106200CE8299 /* zhan.c */,
				14F142D1240F981200CE8299 /* lian.h */,
				14F142D2240F981200CE8299 /* lian.c */,
				14F142D72410D3CA00CE8299 /* duilie.h */,
				14F142D82410D3CA00CE8299 /* duilie.c */,
				14F142DA2412218000CE8299 /* erchashu.h */,
				14F142DB2412218000CE8299 /* erchashu.c */,
				14F142DD2412A8D900CE8299 /* pxu.h */,
				14F142DE2412A8D900CE8299 /* pxu.c */,
				1412886F244A9DC500E37730 /* test1.h */,
				14128870244A9DC500E37730 /* test1.c */,
			);
			path = C11;
			sourceTree = "<group>";
		};
/* End PBXGroup section */

/* Begin PBXNativeTarget section */
		14A8B1D7240189F8005F1D15 /* C11 */ = {
			isa = PBXNativeTarget;
			buildConfigurationList = 14A8B1DF240189F8005F1D15 /* Build configuration list for PBXNativeTarget "C11" */;
			buildPhases = (
				14A8B1D4240189F8005F1D15 /* Sources */,
				14A8B1D5240189F8005F1D15 /* Frameworks */,
				14A8B1D6240189F8005F1D15 /* CopyFiles */,
			);
			buildRules = (
			);
			dependencies = (
			);
			name = C11;
			productName = C11;
			productReference = 14A8B1D8240189F8005F1D15 /* C11 */;
			productType = "com.apple.product-type.tool";
		};
/* End PBXNativeTarget section */

/* Begin PBXProject section */
		14A8B1D0240189F8005F1D15 /* Project object */ = {
			isa = PBXProject;
			attributes = {
				LastUpgradeCheck = 1130;
				ORGANIZATIONNAME = yuyayong;
				TargetAttributes = {
					14A8B1D7240189F8005F1D15 = {
						CreatedOnToolsVersion = 11.3.1;
					};
				};
			};
			buildConfigurationList = 14A8B1D3240189F8005F1D15 /* Build configuration list for PBXProject "C11" */;
			compatibilityVersion = "Xcode 9.3";
			developmentRegion = en;
			hasScannedForEncodings = 0;
			knownRegions = (
				en,
				Base,
			);
			mainGroup = 14A8B1CF240189F8005F1D15;
			productRefGroup = 14A8B1D9240189F8005F1D15 /* Products */;
			projectDirPath = "";
			projectRoot = "";
			targets = (
				14A8B1D7240189F8005F1D15 /* C11 */,
			);
		};
/* End PBXProject section */

/* Begin PBXSourcesBuildPhase section */
		14A8B1D4240189F8005F1D15 /* Sources */ = {
			isa = PBXSourcesBuildPhase;
			buildActionMask = 2147483647;
			files = (
				14F142DC2412218000CE8299 /* erchashu.c in Sources */,
				14F142D62410106200CE8299 /* zhan.c in Sources */,
				14F142D92410D3CA00CE8299 /* duilie.c in Sources */,
				14128871244A9DC500E37730 /* test1.c in Sources */,
				14F142DF2412A8D900CE8299 /* pxu.c in Sources */,
				14A8B1DC240189F8005F1D15 /* main.c in Sources */,
				14F142D3240F981200CE8299 /* lian.c in Sources */,
			);
			runOnlyForDeploymentPostprocessing = 0;
		};
/* End PBXSourcesBuildPhase section */

/* Begin XCBuildConfiguration section */
		14A8B1DD240189F8005F1D15 /* Debug */ = {
			isa = XCBuildConfiguration;
			buildSettings = {
				ALWAYS_SEARCH_USER_PATHS = NO;
				CLANG_ANALYZER_NONNULL = YES;
				CLANG_ANALYZER_NUMBER_OBJECT_CONVERSION = YES_AGGRESSIVE;
				CLANG_CXX_LANGUAGE_STANDARD = "gnu++14";
				CLANG_CXX_LIBRARY = "libc++";
				CLANG_ENABLE_MODULES = YES;
				CLANG_ENABLE_OBJC_ARC = YES;
				CLANG_ENABLE_OBJC_WEAK = YES;
				CLANG_WARN_BLOCK_CAPTURE_AUTORELEASING = YES;
				CLANG_WARN_BOOL_CONVERSION = YES;
				CLANG_WARN_COMMA = YES;
				CLANG_WARN_CONSTANT_CONVERSION = YES;
				CLANG_WARN_DEPRECATED_OBJC_IMPLEMENTATIONS = YES;
				CLANG_WARN_DIRECT_OBJC_ISA_USAGE = YES_ERROR;
				CLANG_WARN_DOCUMENTATION_COMMENTS = YES;
				CLANG_WARN_EMPTY_BODY = YES;
				CLANG_WARN_ENUM_CONVERSION = YES;
				CLANG_WARN_INFINITE_RECURSION = YES;
				CLANG_WARN_INT_CONVERSION = YES;
				CLANG_WARN_NON_LITERAL_NULL_CONVERSION = YES;
				CLANG_WARN_OBJC_IMPLICIT_RETAIN_SELF = YES;
				CLANG_WARN_OBJC_LITERAL_CONVERSION = YES;
				CLANG_WARN_OBJC_ROOT_CLASS = YES_ERROR;
				CLANG_WARN_RANGE_LOOP_ANALYSIS = YES;
				CLANG_WARN_STRICT_PROTOTYPES = YES;
				CLANG_WARN_SUSPICIOUS_MOVE = YES;
				CLANG_WARN_UNGUARDED_AVAILABILITY = YES_AGGRESSIVE;
				CLANG_WARN_UNREACHABLE_CODE = YES;
				CLANG_WARN__DUPLICATE_METHOD_MATCH = YES;
				COPY_PHASE_STRIP = NO;
				DEBUG_INFORMATION_FORMAT = dwarf;
				ENABLE_STRICT_OBJC_MSGSEND = YES;
				ENABLE_TESTABILITY = YES;
				GCC_C_LANGUAGE_STANDARD = gnu11;
				GCC_DYNAMIC_NO_PIC = NO;
				GCC_NO_COMMON_BLOCKS = YES;
				GCC_OPTIMIZATION_LEVEL = 0;
				GCC_PREPROCESSOR_DEFINITIONS = (
					"DEBUG=1",
					"$(inherited)",
				);
				GCC_WARN_64_TO_32_BIT_CONVERSION = YES;
				GCC_WARN_ABOUT_RETURN_TYPE = YES_ERROR;
				GCC_WARN_UNDECLARED_SELECTOR = YES;
				GCC_WARN_UNINITIALIZED_AUTOS = YES_AGGRESSIVE;
				GCC_WARN_UNUSED_FUNCTION = YES;
				GCC_WARN_UNUSED_VARIABLE = YES;
				MACOSX_DEPLOYMENT_TARGET = 10.14;
				MTL_ENABLE_DEBUG_INFO = INCLUDE_SOURCE;
				MTL_FAST_MATH = YES;
				ONLY_ACTIVE_ARCH = YES;
				SDKROOT = macosx;
			};
			name = Debug;
		};
		14A8B1DE240189F8005F1D15 /* Release */ = {
			isa = XCBuildConfiguration;
			buildSettings = {
				ALWAYS_SEARCH_USER_PATHS = NO;
				CLANG_ANALYZER_NONNULL = YES;
				CLANG_ANALYZER_NUMBER_OBJECT_CONVERSION = YES_AGGRESSIVE;
				CLANG_CXX_LANGUAGE_STANDARD = "gnu++14";
				CLANG_CXX_LIBRARY = "libc++";
				CLANG_ENABLE_MODULES = YES;
				CLANG_ENABLE_OBJC_ARC = YES;
				CLANG_ENABLE_OBJC_WEAK = YES;
				CLANG_WARN_BLOCK_CAPTURE_AUTORELEASING = YES;
				CLANG_WARN_BOOL_CONVERSION = YES;
				CLANG_WARN_COMMA = YES;
				CLANG_WARN_CONSTANT_CONVERSION = YES;
				CLANG_WARN_DEPRECATED_OBJC_IMPLEMENTATIONS = YES;
				CLANG_WARN_DIRECT_OBJC_ISA_USAGE = YES_ERROR;
				CLANG_WARN_DOCUMENTATION_COMMENTS = YES;
				CLANG_WARN_EMPTY_BODY = YES;
				CLANG_WARN_ENUM_CONVERSION = YES;
				CLANG_WARN_INFINITE_RECURSION = YES;
				CLANG_WARN_INT_CONVERSION = YES;
				CLANG_WARN_NON_LITERAL_NULL_CONVERSION = YES;
				CLANG_WARN_OBJC_IMPLICIT_RETAIN_SELF = YES;
				CLANG_WARN_OBJC_LITERAL_CONVERSION = YES;
				CLANG_WARN_OBJC_ROOT_CLASS = YES_ERROR;
				CLANG_WARN_RANGE_LOOP_ANALYSIS = YES;
				CLANG_WARN_STRICT_PROTOTYPES = YES;
				CLANG_WARN_SUSPICIOUS_MOVE = YES;
				CLANG_WARN_UNGUARDED_AVAILABILITY = YES_AGGRESSIVE;
				CLANG_WARN_UNREACHABLE_CODE = YES;
				CLANG_WARN__DUPLICATE_METHOD_MATCH = YES;
				COPY_PHASE_STRIP = NO;
				DEBUG_INFORMATION_FORMAT = "dwarf-with-dsym";
				ENABLE_NS_ASSERTIONS = NO;
				ENABLE_STRICT_OBJC_MSGSEND = YES;
				GCC_C_LANGUAGE_STANDARD = gnu11;
				GCC_NO_COMMON_BLOCKS = YES;
				GCC_WARN_64_TO_32_BIT_CONVERSION = YES;
				GCC_WARN_ABOUT_RETURN_TYPE = YES_ERROR;
				GCC_WARN_UNDECLARED_SELECTOR = YES;
				GCC_WARN_UNINITIALIZED_AUTOS = YES_AGGRESSIVE;
				GCC_WARN_UNUSED_FUNCTION = YES;
				GCC_WARN_UNUSED_VARIABLE = YES;
				MACOSX_DEPLOYMENT_TARGET = 10.14;
				MTL_ENABLE_DEBUG_INFO = NO;
				MTL_FAST_MATH = YES;
				SDKROOT = macosx;
			};
			name = Release;
		};
		14A8B1E0240189F8005F1D15 /* Debug */ = {
			isa = XCBuildConfiguration;
			buildSettings = {
				CODE_SIGN_STYLE = Automatic;
				DEVELOPMENT_TEAM = XKD89PVXVG;
				ENABLE_HARDENED_RUNTIME = YES;
				PRODUCT_NAME = "$(TARGET_NAME)";
			};
			name = Debug;
		};
		14A8B1E1240189F8005F1D15 /* Release */ = {
			isa = XCBuildConfiguration;
			buildSettings = {
				CODE_SIGN_STYLE = Automatic;
				DEVELOPMENT_TEAM = XKD89PVXVG;
				ENABLE_HARDENED_RUNTIME = YES;
				PRODUCT_NAME = "$(TARGET_NAME)";
			};
			name = Release;
		};
/* End XCBuildConfiguration section */

/* Begin XCConfigurationList section */
		14A8B1D3240189F8005F1D15 /* Build configuration list for PBXProject "C11" */ = {
			isa = XCConfigurationList;
			buildConfigurations = (
				14A8B1DD240189F8005F1D15 /* Debug */,
				14A8B1DE240189F8005F1D15 /* Release */,
			);
			defaultConfigurationIsVisible = 0;
			defaultConfigurationName = Release;
		};
		14A8B1DF240189F8005F1D15 /* Build configuration list for PBXNativeTarget "C11" */ = {
			isa = XCConfigurationList;
			buildConfigurations = (
				14A8B1E0240189F8005F1D15 /* Debug */,
				14A8B1E1240189F8005F1D15 /* Release */,
			);
			defaultConfigurationIsVisible = 0;
			defaultConfigurationName = Release;
		};
/* End XCConfigurationList section */
	};
	rootObject = 14A8B1D0240189F8005F1D15 /* Project object */;
}
